
Microsoft Visual Studio Solution File, Format Version 12.00
# Visual Studio Version 17
VisualStudioVersion = 17.0.31912.275
MinimumVisualStudioVersion = 10.0.40219.1
Project("{FAE04EC0-301F-11D3-BF4B-00C04F79EFBC}") = "Maths solver", "Maths solver\Maths solver.csproj", "{A7BE2AA0-7B9C-4714-9FFE-1858B8D472B1}"
EndProject
Global
	GlobalSection(SolutionConfigurationPlatforms) = preSolution
		Debug|Any CPU = Debug|Any CPU
		Release|Any CPU = Release|Any CPU
	EndGlobalSection
	GlobalSection(ProjectConfigurationPlatforms) = postSolution
		{A7BE2AA0-7B9C-4714-9FFE-1858B8D472B1}.Debug|Any CPU.ActiveCfg = Debug|Any CPU
		{A7BE2AA0-7B9C-4714-9FFE-1858B8D472B1}.Debug|Any CPU.Build.0 = Debug|Any CPU
		{A7BE2AA0-7B9C-4714-9FFE-1858B8D472B1}.Release|Any CPU.ActiveCfg = Release|Any CPU
		{A7BE2AA0-7B9C-4714-9FFE-1858B8D472B1}.Release|Any CPU.Build.0 = Release|Any CPU
	EndGlobalSection
	GlobalSection(SolutionProperties) = preSolution
		HideSolutionNode = FALSE
	EndGlobalSection
	GlobalSection(ExtensibilityGlobals) = postSolution
		SolutionGuid = {CDF0084A-EC7C-41AE-A021-9204BBC5CF7D}
	EndGlobalSection
EndGlobal
